// !$*UTF8*$!
{
	archiveVersion = 1;
	classes = {
	};
	objectVersion = 46;
	objects = {

/* Begin PBXBuildFile section */
		CE874F011DA2D916000D309E /* ReactionSummary.swift in Sources */ = {isa = PBXBuildFile; fileRef = CE874F001DA2D916000D309E /* ReactionSummary.swift */; };
		CE874F031DA2DA64000D309E /* ComponentBuilder.swift in Sources */ = {isa = PBXBuildFile; fileRef = CE874F021DA2DA64000D309E /* ComponentBuilder.swift */; };
		CEB867BC1DA41CB600031B0D /* UIReactionControl.swift in Sources */ = {isa = PBXBuildFile; fileRef = CEB867BB1DA41CB600031B0D /* UIReactionControl.swift */; };
		CED4FCE21D9FD95D00F54838 /* AppDelegate.swift in Sources */ = {isa = PBXBuildFile; fileRef = CED4FCE11D9FD95D00F54838 /* AppDelegate.swift */; };
		CED4FCE41D9FD95D00F54838 /* ViewController.swift in Sources */ = {isa = PBXBuildFile; fileRef = CED4FCE31D9FD95D00F54838 /* ViewController.swift */; };
		CED4FCE71D9FD95D00F54838 /* Main.storyboard in Resources */ = {isa = PBXBuildFile; fileRef = CED4FCE51D9FD95D00F54838 /* Main.storyboard */; };
		CED4FCE91D9FD95D00F54838 /* Assets.xcassets in Resources */ = {isa = PBXBuildFile; fileRef = CED4FCE81D9FD95D00F54838 /* Assets.xcassets */; };
		CED4FCEC1D9FD95D00F54838 /* LaunchScreen.storyboard in Resources */ = {isa = PBXBuildFile; fileRef = CED4FCEA1D9FD95D00F54838 /* LaunchScreen.storyboard */; };
		CED4FCF71DA014B100F54838 /* Reaction.swift in Sources */ = {isa = PBXBuildFile; fileRef = CED4FCF61DA014B100F54838 /* Reaction.swift */; };
		CED4FCF91DA10D6600F54838 /* ReactionButton.swift in Sources */ = {isa = PBXBuildFile; fileRef = CED4FCF81DA10D6600F54838 /* ReactionButton.swift */; };
		CED4FCFB1DA10E4300F54838 /* ReactionSelectControl.swift in Sources */ = {isa = PBXBuildFile; fileRef = CED4FCFA1DA10E4300F54838 /* ReactionSelectControl.swift */; };
		CED4FCFD1DA1100900F54838 /* ReactionFeedback.swift in Sources */ = {isa = PBXBuildFile; fileRef = CED4FCFC1DA1100900F54838 /* ReactionFeedback.swift */; };
		CED9D93C1DA64FCD00A70C2D /* Components.swift in Sources */ = {isa = PBXBuildFile; fileRef = CED9D93B1DA64FCD00A70C2D /* Components.swift */; };
		CED9D93E1DA6566700A70C2D /* FacebookReactions.swift in Sources */ = {isa = PBXBuildFile; fileRef = CED9D93D1DA6566700A70C2D /* FacebookReactions.swift */; };
		CED9D9401DA6869500A70C2D /* ReactionSelectControlConfig.swift in Sources */ = {isa = PBXBuildFile; fileRef = CED9D93F1DA6869500A70C2D /* ReactionSelectControlConfig.swift */; };
		CED9D9421DA6931A00A70C2D /* ReactionAlignment.swift in Sources */ = {isa = PBXBuildFile; fileRef = CED9D9411DA6931A00A70C2D /* ReactionAlignment.swift */; };
		CED9D9461DA6A07D00A70C2D /* Sequence.swift in Sources */ = {isa = PBXBuildFile; fileRef = CED9D9451DA6A07D00A70C2D /* Sequence.swift */; };
		CED9D9481DA6EAFA00A70C2D /* ReactionFeedbackDelegate.swift in Sources */ = {isa = PBXBuildFile; fileRef = CED9D9471DA6EAFA00A70C2D /* ReactionFeedbackDelegate.swift */; };
		CED9D94A1DA78F9400A70C2D /* ReactionButtonConfig.swift in Sources */ = {isa = PBXBuildFile; fileRef = CED9D9491DA78F9400A70C2D /* ReactionButtonConfig.swift */; };
/* End PBXBuildFile section */

/* Begin PBXFileReference section */
		CE874F001DA2D916000D309E /* ReactionSummary.swift */ = {isa = PBXFileReference; fileEncoding = 4; lastKnownFileType = sourcecode.swift; path = ReactionSummary.swift; sourceTree = "<group>"; };
		CE874F021DA2DA64000D309E /* ComponentBuilder.swift */ = {isa = PBXFileReference; fileEncoding = 4; lastKnownFileType = sourcecode.swift; path = ComponentBuilder.swift; sourceTree = "<group>"; };
		CEB867BB1DA41CB600031B0D /* UIReactionControl.swift */ = {isa = PBXFileReference; fileEncoding = 4; lastKnownFileType = sourcecode.swift; path = UIReactionControl.swift; sourceTree = "<group>"; };
		CED4FCDE1D9FD95D00F54838 /* ReactionsExample.app */ = {isa = PBXFileReference; explicitFileType = wrapper.application; includeInIndex = 0; path = ReactionsExample.app; sourceTree = BUILT_PRODUCTS_DIR; };
		CED4FCE11D9FD95D00F54838 /* AppDelegate.swift */ = {isa = PBXFileReference; lastKnownFileType = sourcecode.swift; path = AppDelegate.swift; sourceTree = "<group>"; };
		CED4FCE31D9FD95D00F54838 /* ViewController.swift */ = {isa = PBXFileReference; lastKnownFileType = sourcecode.swift; path = ViewController.swift; sourceTree = "<group>"; };
		CED4FCE61D9FD95D00F54838 /* Base */ = {isa = PBXFileReference; lastKnownFileType = file.storyboard; name = Base; path = Base.lproj/Main.storyboard; sourceTree = "<group>"; };
		CED4FCE81D9FD95D00F54838 /* Assets.xcassets */ = {isa = PBXFileReference; lastKnownFileType = folder.assetcatalog; path = Assets.xcassets; sourceTree = "<group>"; };
		CED4FCEB1D9FD95D00F54838 /* Base */ = {isa = PBXFileReference; lastKnownFileType = file.storyboard; name = Base; path = Base.lproj/LaunchScreen.storyboard; sourceTree = "<group>"; };
		CED4FCED1D9FD95D00F54838 /* Info.plist */ = {isa = PBXFileReference; lastKnownFileType = text.plist.xml; path = Info.plist; sourceTree = "<group>"; };
		CED4FCF61DA014B100F54838 /* Reaction.swift */ = {isa = PBXFileReference; fileEncoding = 4; lastKnownFileType = sourcecode.swift; path = Reaction.swift; sourceTree = "<group>"; };
		CED4FCF81DA10D6600F54838 /* ReactionButton.swift */ = {isa = PBXFileReference; fileEncoding = 4; lastKnownFileType = sourcecode.swift; path = ReactionButton.swift; sourceTree = "<group>"; };
		CED4FCFA1DA10E4300F54838 /* ReactionSelectControl.swift */ = {isa = PBXFileReference; fileEncoding = 4; lastKnownFileType = sourcecode.swift; path = ReactionSelectControl.swift; sourceTree = "<group>"; };
		CED4FCFC1DA1100900F54838 /* ReactionFeedback.swift */ = {isa = PBXFileReference; fileEncoding = 4; lastKnownFileType = sourcecode.swift; path = ReactionFeedback.swift; sourceTree = "<group>"; };
		CED9D93B1DA64FCD00A70C2D /* Components.swift */ = {isa = PBXFileReference; fileEncoding = 4; lastKnownFileType = sourcecode.swift; path = Components.swift; sourceTree = "<group>"; };
		CED9D93D1DA6566700A70C2D /* FacebookReactions.swift */ = {isa = PBXFileReference; fileEncoding = 4; lastKnownFileType = sourcecode.swift; path = FacebookReactions.swift; sourceTree = "<group>"; };
		CED9D93F1DA6869500A70C2D /* ReactionSelectControlConfig.swift */ = {isa = PBXFileReference; fileEncoding = 4; lastKnownFileType = sourcecode.swift; path = ReactionSelectControlConfig.swift; sourceTree = "<group>"; };
		CED9D9411DA6931A00A70C2D /* ReactionAlignment.swift */ = {isa = PBXFileReference; fileEncoding = 4; lastKnownFileType = sourcecode.swift; path = ReactionAlignment.swift; sourceTree = "<group>"; };
		CED9D9451DA6A07D00A70C2D /* Sequence.swift */ = {isa = PBXFileReference; fileEncoding = 4; lastKnownFileType = sourcecode.swift; path = Sequence.swift; sourceTree = "<group>"; };
		CED9D9471DA6EAFA00A70C2D /* ReactionFeedbackDelegate.swift */ = {isa = PBXFileReference; fileEncoding = 4; lastKnownFileType = sourcecode.swift; path = ReactionFeedbackDelegate.swift; sourceTree = "<group>"; };
		CED9D9491DA78F9400A70C2D /* ReactionButtonConfig.swift */ = {isa = PBXFileReference; fileEncoding = 4; lastKnownFileType = sourcecode.swift; path = ReactionButtonConfig.swift; sourceTree = "<group>"; };
/* End PBXFileReference section */

/* Begin PBXFrameworksBuildPhase section */
		CED4FCDB1D9FD95D00F54838 /* Frameworks */ = {
			isa = PBXFrameworksBuildPhase;
			buildActionMask = 2147483647;
			files = (
			);
			runOnlyForDeploymentPostprocessing = 0;
		};
/* End PBXFrameworksBuildPhase section */

/* Begin PBXGroup section */
		CED4FCD51D9FD95D00F54838 = {
			isa = PBXGroup;
			children = (
				CED4FCF51DA014B100F54838 /* Sources */,
				CED4FCE01D9FD95D00F54838 /* ReactionsExample */,
				CED4FCDF1D9FD95D00F54838 /* Products */,
			);
			sourceTree = "<group>";
		};
		CED4FCDF1D9FD95D00F54838 /* Products */ = {
			isa = PBXGroup;
			children = (
				CED4FCDE1D9FD95D00F54838 /* ReactionsExample.app */,
			);
			name = Products;
			sourceTree = "<group>";
		};
		CED4FCE01D9FD95D00F54838 /* ReactionsExample */ = {
			isa = PBXGroup;
			children = (
				CED4FCE11D9FD95D00F54838 /* AppDelegate.swift */,
				CED4FCE31D9FD95D00F54838 /* ViewController.swift */,
				CED4FCE51D9FD95D00F54838 /* Main.storyboard */,
				CED4FCE81D9FD95D00F54838 /* Assets.xcassets */,
				CED4FCEA1D9FD95D00F54838 /* LaunchScreen.storyboard */,
				CED4FCED1D9FD95D00F54838 /* Info.plist */,
			);
			path = ReactionsExample;
			sourceTree = "<group>";
		};
		CED4FCF51DA014B100F54838 /* Sources */ = {
			isa = PBXGroup;
			children = (
				CE874F021DA2DA64000D309E /* ComponentBuilder.swift */,
				CED9D93B1DA64FCD00A70C2D /* Components.swift */,
				CED9D93D1DA6566700A70C2D /* FacebookReactions.swift */,
				CED4FCF61DA014B100F54838 /* Reaction.swift */,
				CED9D9411DA6931A00A70C2D /* ReactionAlignment.swift */,
				CED4FCF81DA10D6600F54838 /* ReactionButton.swift */,
				CED9D9491DA78F9400A70C2D /* ReactionButtonConfig.swift */,
				CED4FCFC1DA1100900F54838 /* ReactionFeedback.swift */,
				CED9D9471DA6EAFA00A70C2D /* ReactionFeedbackDelegate.swift */,
				CED4FCFA1DA10E4300F54838 /* ReactionSelectControl.swift */,
				CED9D93F1DA6869500A70C2D /* ReactionSelectControlConfig.swift */,
				CE874F001DA2D916000D309E /* ReactionSummary.swift */,
				CED9D9451DA6A07D00A70C2D /* Sequence.swift */,
				CEB867BB1DA41CB600031B0D /* UIReactionControl.swift */,
			);
			name = Sources;
			path = ../Sources;
			sourceTree = "<group>";
		};
/* End PBXGroup section */

/* Begin PBXNativeTarget section */
		CED4FCDD1D9FD95D00F54838 /* ReactionsExample */ = {
			isa = PBXNativeTarget;
			buildConfigurationList = CED4FCF01D9FD95D00F54838 /* Build configuration list for PBXNativeTarget "ReactionsExample" */;
			buildPhases = (
				CED4FCDA1D9FD95D00F54838 /* Sources */,
				CED4FCDB1D9FD95D00F54838 /* Frameworks */,
				CED4FCDC1D9FD95D00F54838 /* Resources */,
			);
			buildRules = (
			);
			dependencies = (
			);
			name = ReactionsExample;
			productName = ReactionsExample;
			productReference = CED4FCDE1D9FD95D00F54838 /* ReactionsExample.app */;
			productType = "com.apple.product-type.application";
		};
/* End PBXNativeTarget section */

/* Begin PBXProject section */
		CED4FCD61D9FD95D00F54838 /* Project object */ = {
			isa = PBXProject;
			attributes = {
				LastSwiftUpdateCheck = 0800;
				LastUpgradeCheck = 0800;
				ORGANIZATIONNAME = "Yannick Loriot";
				TargetAttributes = {
					CED4FCDD1D9FD95D00F54838 = {
						CreatedOnToolsVersion = 8.0;
						DevelopmentTeam = 5SJ773RP6R;
						ProvisioningStyle = Automatic;
					};
				};
			};
			buildConfigurationList = CED4FCD91D9FD95D00F54838 /* Build configuration list for PBXProject "ReactionsExample" */;
			compatibilityVersion = "Xcode 3.2";
			developmentRegion = English;
			hasScannedForEncodings = 0;
			knownRegions = (
				en,
				Base,
			);
			mainGroup = CED4FCD51D9FD95D00F54838;
			productRefGroup = CED4FCDF1D9FD95D00F54838 /* Products */;
			projectDirPath = "";
			projectRoot = "";
			targets = (
				CED4FCDD1D9FD95D00F54838 /* ReactionsExample */,
			);
		};
/* End PBXProject section */

/* Begin PBXResourcesBuildPhase section */
		CED4FCDC1D9FD95D00F54838 /* Resources */ = {
			isa = PBXResourcesBuildPhase;
			buildActionMask = 2147483647;
			files = (
				CED4FCEC1D9FD95D00F54838 /* LaunchScreen.storyboard in Resources */,
				CED4FCE91D9FD95D00F54838 /* Assets.xcassets in Resources */,
				CED4FCE71D9FD95D00F54838 /* Main.storyboard in Resources */,
			);
			runOnlyForDeploymentPostprocessing = 0;
		};
/* End PBXResourcesBuildPhase section */

/* Begin PBXSourcesBuildPhase section */
		CED4FCDA1D9FD95D00F54838 /* Sources */ = {
			isa = PBXSourcesBuildPhase;
			buildActionMask = 2147483647;
			files = (
				CED9D9421DA6931A00A70C2D /* ReactionAlignment.swift in Sources */,
				CED9D9481DA6EAFA00A70C2D /* ReactionFeedbackDelegate.swift in Sources */,
				CED9D93E1DA6566700A70C2D /* FacebookReactions.swift in Sources */,
				CE874F011DA2D916000D309E /* ReactionSummary.swift in Sources */,
				CED4FCF91DA10D6600F54838 /* ReactionButton.swift in Sources */,
				CEB867BC1DA41CB600031B0D /* UIReactionControl.swift in Sources */,
				CE874F031DA2DA64000D309E /* ComponentBuilder.swift in Sources */,
				CED4FCE41D9FD95D00F54838 /* ViewController.swift in Sources */,
				CED4FCE21D9FD95D00F54838 /* AppDelegate.swift in Sources */,
				CED4FCFD1DA1100900F54838 /* ReactionFeedback.swift in Sources */,
				CED9D9461DA6A07D00A70C2D /* Sequence.swift in Sources */,
				CED9D9401DA6869500A70C2D /* ReactionSelectControlConfig.swift in Sources */,
				CED9D94A1DA78F9400A70C2D /* ReactionButtonConfig.swift in Sources */,
				CED9D93C1DA64FCD00A70C2D /* Components.swift in Sources */,
				CED4FCF71DA014B100F54838 /* Reaction.swift in Sources */,
				CED4FCFB1DA10E4300F54838 /* ReactionSelectControl.swift in Sources */,
			);
			runOnlyForDeploymentPostprocessing = 0;
		};
/* End PBXSourcesBuildPhase section */

/* Begin PBXVariantGroup section */
		CED4FCE51D9FD95D00F54838 /* Main.storyboard */ = {
			isa = PBXVariantGroup;
			children = (
				CED4FCE61D9FD95D00F54838 /* Base */,
			);
			name = Main.storyboard;
			sourceTree = "<group>";
		};
		CED4FCEA1D9FD95D00F54838 /* LaunchScreen.storyboard */ = {
			isa = PBXVariantGroup;
			children = (
				CED4FCEB1D9FD95D00F54838 /* Base */,
			);
			name = LaunchScreen.storyboard;
			sourceTree = "<group>";
		};
/* End PBXVariantGroup section */

/* Begin XCBuildConfiguration section */
		CED4FCEE1D9FD95D00F54838 /* Debug */ = {
			isa = XCBuildConfiguration;
			buildSettings = {
				ALWAYS_SEARCH_USER_PATHS = NO;
				CLANG_ANALYZER_NONNULL = YES;
				CLANG_CXX_LANGUAGE_STANDARD = "gnu++0x";
				CLANG_CXX_LIBRARY = "libc++";
				CLANG_ENABLE_MODULES = YES;
				CLANG_ENABLE_OBJC_ARC = YES;
				CLANG_WARN_BOOL_CONVERSION = YES;
				CLANG_WARN_CONSTANT_CONVERSION = YES;
				CLANG_WARN_DIRECT_OBJC_ISA_USAGE = YES_ERROR;
				CLANG_WARN_DOCUMENTATION_COMMENTS = YES;
				CLANG_WARN_EMPTY_BODY = YES;
				CLANG_WARN_ENUM_CONVERSION = YES;
				CLANG_WARN_INFINITE_RECURSION = YES;
				CLANG_WARN_INT_CONVERSION = YES;
				CLANG_WARN_OBJC_ROOT_CLASS = YES_ERROR;
				CLANG_WARN_SUSPICIOUS_MOVES = YES;
				CLANG_WARN_UNREACHABLE_CODE = YES;
				CLANG_WARN__DUPLICATE_METHOD_MATCH = YES;
				"CODE_SIGN_IDENTITY[sdk=iphoneos*]" = "iPhone Developer";
				COPY_PHASE_STRIP = NO;
				DEBUG_INFORMATION_FORMAT = dwarf;
				ENABLE_STRICT_OBJC_MSGSEND = YES;
				ENABLE_TESTABILITY = YES;
				GCC_C_LANGUAGE_STANDARD = gnu99;
				GCC_DYNAMIC_NO_PIC = NO;
				GCC_NO_COMMON_BLOCKS = YES;
				GCC_OPTIMIZATION_LEVEL = 0;
				GCC_PREPROCESSOR_DEFINITIONS = (
					"DEBUG=1",
					"$(inherited)",
				);
				GCC_WARN_64_TO_32_BIT_CONVERSION = YES;
				GCC_WARN_ABOUT_RETURN_TYPE = YES_ERROR;
				GCC_WARN_UNDECLARED_SELECTOR = YES;
				GCC_WARN_UNINITIALIZED_AUTOS = YES_AGGRESSIVE;
				GCC_WARN_UNUSED_FUNCTION = YES;
				GCC_WARN_UNUSED_VARIABLE = YES;
				IPHONEOS_DEPLOYMENT_TARGET = 8.0;
				MTL_ENABLE_DEBUG_INFO = YES;
				ONLY_ACTIVE_ARCH = YES;
				SDKROOT = iphoneos;
				SWIFT_ACTIVE_COMPILATION_CONDITIONS = DEBUG;
				SWIFT_OPTIMIZATION_LEVEL = "-Onone";
				TARGETED_DEVICE_FAMILY = "1,2";
			};
			name = Debug;
		};
		CED4FCEF1D9FD95D00F54838 /* Release */ = {
			isa = XCBuildConfiguration;
			buildSettings = {
				ALWAYS_SEARCH_USER_PATHS = NO;
				CLANG_ANALYZER_NONNULL = YES;
				CLANG_CXX_LANGUAGE_STANDARD = "gnu++0x";
				CLANG_CXX_LIBRARY = "libc++";
				CLANG_ENABLE_MODULES = YES;
				CLANG_ENABLE_OBJC_ARC = YES;
				CLANG_WARN_BOOL_CONVERSION = YES;
				CLANG_WARN_CONSTANT_CONVERSION = YES;
				CLANG_WARN_DIRECT_OBJC_ISA_USAGE = YES_ERROR;
				CLANG_WARN_DOCUMENTATION_COMMENTS = YES;
				CLANG_WARN_EMPTY_BODY = YES;
				CLANG_WARN_ENUM_CONVERSION = YES;
				CLANG_WARN_INFINITE_RECURSION = YES;
				CLANG_WARN_INT_CONVERSION = YES;
				CLANG_WARN_OBJC_ROOT_CLASS = YES_ERROR;
				CLANG_WARN_SUSPICIOUS_MOVES = YES;
				CLANG_WARN_UNREACHABLE_CODE = YES;
				CLANG_WARN__DUPLICATE_METHOD_MATCH = YES;
				"CODE_SIGN_IDENTITY[sdk=iphoneos*]" = "iPhone Developer";
				COPY_PHASE_STRIP = NO;
				DEBUG_INFORMATION_FORMAT = "dwarf-with-dsym";
				ENABLE_NS_ASSERTIONS = NO;
				ENABLE_STRICT_OBJC_MSGSEND = YES;
				GCC_C_LANGUAGE_STANDARD = gnu99;
				GCC_NO_COMMON_BLOCKS = YES;
				GCC_WARN_64_TO_32_BIT_CONVERSION = YES;
				GCC_WARN_ABOUT_RETURN_TYPE = YES_ERROR;
				GCC_WARN_UNDECLARED_SELECTOR = YES;
				GCC_WARN_UNINITIALIZED_AUTOS = YES_AGGRESSIVE;
				GCC_WARN_UNUSED_FUNCTION = YES;
				GCC_WARN_UNUSED_VARIABLE = YES;
				IPHONEOS_DEPLOYMENT_TARGET = 8.0;
				MTL_ENABLE_DEBUG_INFO = NO;
				SDKROOT = iphoneos;
				SWIFT_OPTIMIZATION_LEVEL = "-Owholemodule";
				TARGETED_DEVICE_FAMILY = "1,2";
				VALIDATE_PRODUCT = YES;
			};
			name = Release;
		};
		CED4FCF11D9FD95D00F54838 /* Debug */ = {
			isa = XCBuildConfiguration;
			buildSettings = {
				ASSETCATALOG_COMPILER_APPICON_NAME = AppIcon;
				DEVELOPMENT_TEAM = 5SJ773RP6R;
				INFOPLIST_FILE = ReactionsExample/Info.plist;
				LD_RUNPATH_SEARCH_PATHS = "$(inherited) @executable_path/Frameworks";
				PRODUCT_BUNDLE_IDENTIFIER = com.yannickloriot.ReactionsExample;
				PRODUCT_NAME = "$(TARGET_NAME)";
				SWIFT_VERSION = 3.0;
			};
			name = Debug;
		};
		CED4FCF21D9FD95D00F54838 /* Release */ = {
			isa = XCBuildConfiguration;
			buildSettings = {
				ASSETCATALOG_COMPILER_APPICON_NAME = AppIcon;
				DEVELOPMENT_TEAM = 5SJ773RP6R;
				INFOPLIST_FILE = ReactionsExample/Info.plist;
				LD_RUNPATH_SEARCH_PATHS = "$(inherited) @executable_path/Frameworks";
				PRODUCT_BUNDLE_IDENTIFIER = com.yannickloriot.ReactionsExample;
				PRODUCT_NAME = "$(TARGET_NAME)";
				SWIFT_VERSION = 3.0;
			};
			name = Release;
		};
/* End XCBuildConfiguration section */

/* Begin XCConfigurationList section */
		CED4FCD91D9FD95D00F54838 /* Build configuration list for PBXProject "ReactionsExample" */ = {
			isa = XCConfigurationList;
			buildConfigurations = (
				CED4FCEE1D9FD95D00F54838 /* Debug */,
				CED4FCEF1D9FD95D00F54838 /* Release */,
			);
			defaultConfigurationIsVisible = 0;
			defaultConfigurationName = Release;
		};
		CED4FCF01D9FD95D00F54838 /* Build configuration list for PBXNativeTarget "ReactionsExample" */ = {
			isa = XCConfigurationList;
			buildConfigurations = (
				CED4FCF11D9FD95D00F54838 /* Debug */,
				CED4FCF21D9FD95D00F54838 /* Release */,
			);
			defaultConfigurationIsVisible = 0;
			defaultConfigurationName = Release;
		};
/* End XCConfigurationList section */
	};
	rootObject = CED4FCD61D9FD95D00F54838 /* Project object */;
}
