// !$*UTF8*$!
{
	archiveVersion = 1;
	classes = {
	};
	objectVersion = 46;
	objects = {

/* Begin PBXBuildFile section */
		CE83F88E1DA8F033000943AB /* Reactions.h in Headers */ = {isa = PBXBuildFile; fileRef = CE83F88C1DA8F033000943AB /* Reactions.h */; settings = {ATTRIBUTES = (Public, ); }; };
		CE83F8911DA8F033000943AB /* Reactions.framework in Frameworks */ = {isa = PBXBuildFile; fileRef = CE83F88A1DA8F033000943AB /* Reactions.framework */; };
		CE83F8921DA8F033000943AB /* Reactions.framework in Embed Frameworks */ = {isa = PBXBuildFile; fileRef = CE83F88A1DA8F033000943AB /* Reactions.framework */; settings = {ATTRIBUTES = (CodeSignOnCopy, RemoveHeadersOnCopy, ); }; };
		CE83F8971DA8F04D000943AB /* FeedbackLocalizable.strings in Resources */ = {isa = PBXBuildFile; fileRef = CED9D95C1DA835DB00A70C2D /* FeedbackLocalizable.strings */; };
		CE83F8981DA8F050000943AB /* FacebookReactionLocalizable.strings in Resources */ = {isa = PBXBuildFile; fileRef = CED9D95F1DA835DF00A70C2D /* FacebookReactionLocalizable.strings */; };
		CE83F8991DA8F054000943AB /* Facebook.xcassets in Resources */ = {isa = PBXBuildFile; fileRef = CED9D9521DA82AA100A70C2D /* Facebook.xcassets */; };
		CE83F89A1DA8F05A000943AB /* ComponentBuilder.swift in Sources */ = {isa = PBXBuildFile; fileRef = CE874F021DA2DA64000D309E /* ComponentBuilder.swift */; };
		CE83F89B1DA8F05A000943AB /* Components.swift in Sources */ = {isa = PBXBuildFile; fileRef = CED9D93B1DA64FCD00A70C2D /* Components.swift */; };
		CE83F89C1DA8F05A000943AB /* Configurable.swift in Sources */ = {isa = PBXBuildFile; fileRef = CED9D94D1DA7E49500A70C2D /* Configurable.swift */; };
		CE83F89D1DA8F05A000943AB /* Extensions.swift in Sources */ = {isa = PBXBuildFile; fileRef = CED9D9581DA82C6700A70C2D /* Extensions.swift */; };
		CE83F89E1DA8F05A000943AB /* FacebookReactions.swift in Sources */ = {isa = PBXBuildFile; fileRef = CED9D93D1DA6566700A70C2D /* FacebookReactions.swift */; };
		CE83F89F1DA8F05A000943AB /* Reaction.swift in Sources */ = {isa = PBXBuildFile; fileRef = CED4FCF61DA014B100F54838 /* Reaction.swift */; };
		CE83F8A01DA8F05A000943AB /* ReactionAlignment.swift in Sources */ = {isa = PBXBuildFile; fileRef = CED9D9411DA6931A00A70C2D /* ReactionAlignment.swift */; };
		CE83F8A11DA8F05A000943AB /* ReactionButton.swift in Sources */ = {isa = PBXBuildFile; fileRef = CED4FCF81DA10D6600F54838 /* ReactionButton.swift */; };
		CE83F8A21DA8F05A000943AB /* ReactionButtonConfig.swift in Sources */ = {isa = PBXBuildFile; fileRef = CED9D9491DA78F9400A70C2D /* ReactionButtonConfig.swift */; };
		CE83F8A31DA8F05A000943AB /* ReactionFeedback.swift in Sources */ = {isa = PBXBuildFile; fileRef = CED4FCFC1DA1100900F54838 /* ReactionFeedback.swift */; };
		CE83F8A41DA8F05A000943AB /* ReactionFeedbackDelegate.swift in Sources */ = {isa = PBXBuildFile; fileRef = CED9D9471DA6EAFA00A70C2D /* ReactionFeedbackDelegate.swift */; };
		CE83F8A51DA8F05A000943AB /* ReactionSelector.swift in Sources */ = {isa = PBXBuildFile; fileRef = CED4FCFA1DA10E4300F54838 /* ReactionSelector.swift */; };
		CE83F8A61DA8F05A000943AB /* ReactionSelectorConfig.swift in Sources */ = {isa = PBXBuildFile; fileRef = CED9D93F1DA6869500A70C2D /* ReactionSelectorConfig.swift */; };
		CE83F8A71DA8F05A000943AB /* ReactionSummary.swift in Sources */ = {isa = PBXBuildFile; fileRef = CE874F001DA2D916000D309E /* ReactionSummary.swift */; };
		CE83F8A81DA8F05A000943AB /* ReactionSummaryConfig.swift in Sources */ = {isa = PBXBuildFile; fileRef = CED9D94B1DA7D36700A70C2D /* ReactionSummaryConfig.swift */; };
		CE83F8A91DA8F05A000943AB /* UIReactionControl.swift in Sources */ = {isa = PBXBuildFile; fileRef = CEB867BB1DA41CB600031B0D /* UIReactionControl.swift */; };
		CE874F011DA2D916000D309E /* ReactionSummary.swift in Sources */ = {isa = PBXBuildFile; fileRef = CE874F001DA2D916000D309E /* ReactionSummary.swift */; };
		CE874F031DA2DA64000D309E /* ComponentBuilder.swift in Sources */ = {isa = PBXBuildFile; fileRef = CE874F021DA2DA64000D309E /* ComponentBuilder.swift */; };
		CEB867BC1DA41CB600031B0D /* UIReactionControl.swift in Sources */ = {isa = PBXBuildFile; fileRef = CEB867BB1DA41CB600031B0D /* UIReactionControl.swift */; };
		CED4FCE21D9FD95D00F54838 /* AppDelegate.swift in Sources */ = {isa = PBXBuildFile; fileRef = CED4FCE11D9FD95D00F54838 /* AppDelegate.swift */; };
		CED4FCE41D9FD95D00F54838 /* ViewController.swift in Sources */ = {isa = PBXBuildFile; fileRef = CED4FCE31D9FD95D00F54838 /* ViewController.swift */; };
		CED4FCE71D9FD95D00F54838 /* Main.storyboard in Resources */ = {isa = PBXBuildFile; fileRef = CED4FCE51D9FD95D00F54838 /* Main.storyboard */; };
		CED4FCE91D9FD95D00F54838 /* Assets.xcassets in Resources */ = {isa = PBXBuildFile; fileRef = CED4FCE81D9FD95D00F54838 /* Assets.xcassets */; };
		CED4FCEC1D9FD95D00F54838 /* LaunchScreen.storyboard in Resources */ = {isa = PBXBuildFile; fileRef = CED4FCEA1D9FD95D00F54838 /* LaunchScreen.storyboard */; };
		CED4FCF71DA014B100F54838 /* Reaction.swift in Sources */ = {isa = PBXBuildFile; fileRef = CED4FCF61DA014B100F54838 /* Reaction.swift */; };
		CED4FCF91DA10D6600F54838 /* ReactionButton.swift in Sources */ = {isa = PBXBuildFile; fileRef = CED4FCF81DA10D6600F54838 /* ReactionButton.swift */; };
		CED4FCFB1DA10E4300F54838 /* ReactionSelector.swift in Sources */ = {isa = PBXBuildFile; fileRef = CED4FCFA1DA10E4300F54838 /* ReactionSelector.swift */; };
		CED4FCFD1DA1100900F54838 /* ReactionFeedback.swift in Sources */ = {isa = PBXBuildFile; fileRef = CED4FCFC1DA1100900F54838 /* ReactionFeedback.swift */; };
		CED9D93C1DA64FCD00A70C2D /* Components.swift in Sources */ = {isa = PBXBuildFile; fileRef = CED9D93B1DA64FCD00A70C2D /* Components.swift */; };
		CED9D93E1DA6566700A70C2D /* FacebookReactions.swift in Sources */ = {isa = PBXBuildFile; fileRef = CED9D93D1DA6566700A70C2D /* FacebookReactions.swift */; };
		CED9D9401DA6869500A70C2D /* ReactionSelectorConfig.swift in Sources */ = {isa = PBXBuildFile; fileRef = CED9D93F1DA6869500A70C2D /* ReactionSelectorConfig.swift */; };
		CED9D9421DA6931A00A70C2D /* ReactionAlignment.swift in Sources */ = {isa = PBXBuildFile; fileRef = CED9D9411DA6931A00A70C2D /* ReactionAlignment.swift */; };
		CED9D9481DA6EAFA00A70C2D /* ReactionFeedbackDelegate.swift in Sources */ = {isa = PBXBuildFile; fileRef = CED9D9471DA6EAFA00A70C2D /* ReactionFeedbackDelegate.swift */; };
		CED9D94A1DA78F9400A70C2D /* ReactionButtonConfig.swift in Sources */ = {isa = PBXBuildFile; fileRef = CED9D9491DA78F9400A70C2D /* ReactionButtonConfig.swift */; };
		CED9D94C1DA7D36700A70C2D /* ReactionSummaryConfig.swift in Sources */ = {isa = PBXBuildFile; fileRef = CED9D94B1DA7D36700A70C2D /* ReactionSummaryConfig.swift */; };
		CED9D94E1DA7E49500A70C2D /* Configurable.swift in Sources */ = {isa = PBXBuildFile; fileRef = CED9D94D1DA7E49500A70C2D /* Configurable.swift */; };
		CED9D9531DA82AA100A70C2D /* Facebook.xcassets in Resources */ = {isa = PBXBuildFile; fileRef = CED9D9521DA82AA100A70C2D /* Facebook.xcassets */; };
		CED9D9591DA82C6700A70C2D /* Extensions.swift in Sources */ = {isa = PBXBuildFile; fileRef = CED9D9581DA82C6700A70C2D /* Extensions.swift */; };
		CED9D95A1DA835DB00A70C2D /* FeedbackLocalizable.strings in Resources */ = {isa = PBXBuildFile; fileRef = CED9D95C1DA835DB00A70C2D /* FeedbackLocalizable.strings */; };
		CED9D95D1DA835DF00A70C2D /* FacebookReactionLocalizable.strings in Resources */ = {isa = PBXBuildFile; fileRef = CED9D95F1DA835DF00A70C2D /* FacebookReactionLocalizable.strings */; };
/* End PBXBuildFile section */

/* Begin PBXContainerItemProxy section */
		CE83F88F1DA8F033000943AB /* PBXContainerItemProxy */ = {
			isa = PBXContainerItemProxy;
			containerPortal = CED4FCD61D9FD95D00F54838 /* Project object */;
			proxyType = 1;
			remoteGlobalIDString = CE83F8891DA8F033000943AB;
			remoteInfo = Reactions;
		};
/* End PBXContainerItemProxy section */

/* Begin PBXCopyFilesBuildPhase section */
		CE83F8961DA8F033000943AB /* Embed Frameworks */ = {
			isa = PBXCopyFilesBuildPhase;
			buildActionMask = 2147483647;
			dstPath = "";
			dstSubfolderSpec = 10;
			files = (
				CE83F8921DA8F033000943AB /* Reactions.framework in Embed Frameworks */,
			);
			name = "Embed Frameworks";
			runOnlyForDeploymentPostprocessing = 0;
		};
/* End PBXCopyFilesBuildPhase section */

/* Begin PBXFileReference section */
		CE83F88A1DA8F033000943AB /* Reactions.framework */ = {isa = PBXFileReference; explicitFileType = wrapper.framework; includeInIndex = 0; path = Reactions.framework; sourceTree = BUILT_PRODUCTS_DIR; };
		CE83F88C1DA8F033000943AB /* Reactions.h */ = {isa = PBXFileReference; lastKnownFileType = sourcecode.c.h; path = Reactions.h; sourceTree = "<group>"; };
		CE83F88D1DA8F033000943AB /* Info.plist */ = {isa = PBXFileReference; lastKnownFileType = text.plist.xml; path = Info.plist; sourceTree = "<group>"; };
		CE874F001DA2D916000D309E /* ReactionSummary.swift */ = {isa = PBXFileReference; fileEncoding = 4; lastKnownFileType = sourcecode.swift; path = ReactionSummary.swift; sourceTree = "<group>"; };
		CE874F021DA2DA64000D309E /* ComponentBuilder.swift */ = {isa = PBXFileReference; fileEncoding = 4; lastKnownFileType = sourcecode.swift; path = ComponentBuilder.swift; sourceTree = "<group>"; };
		CEB867BB1DA41CB600031B0D /* UIReactionControl.swift */ = {isa = PBXFileReference; fileEncoding = 4; lastKnownFileType = sourcecode.swift; path = UIReactionControl.swift; sourceTree = "<group>"; };
		CED4FCDE1D9FD95D00F54838 /* ReactionsExample.app */ = {isa = PBXFileReference; explicitFileType = wrapper.application; includeInIndex = 0; path = ReactionsExample.app; sourceTree = BUILT_PRODUCTS_DIR; };
		CED4FCE11D9FD95D00F54838 /* AppDelegate.swift */ = {isa = PBXFileReference; lastKnownFileType = sourcecode.swift; path = AppDelegate.swift; sourceTree = "<group>"; };
		CED4FCE31D9FD95D00F54838 /* ViewController.swift */ = {isa = PBXFileReference; lastKnownFileType = sourcecode.swift; path = ViewController.swift; sourceTree = "<group>"; };
		CED4FCE61D9FD95D00F54838 /* Base */ = {isa = PBXFileReference; lastKnownFileType = file.storyboard; name = Base; path = Base.lproj/Main.storyboard; sourceTree = "<group>"; };
		CED4FCE81D9FD95D00F54838 /* Assets.xcassets */ = {isa = PBXFileReference; lastKnownFileType = folder.assetcatalog; path = Assets.xcassets; sourceTree = "<group>"; };
		CED4FCEB1D9FD95D00F54838 /* Base */ = {isa = PBXFileReference; lastKnownFileType = file.storyboard; name = Base; path = Base.lproj/LaunchScreen.storyboard; sourceTree = "<group>"; };
		CED4FCED1D9FD95D00F54838 /* Info.plist */ = {isa = PBXFileReference; lastKnownFileType = text.plist.xml; path = Info.plist; sourceTree = "<group>"; };
		CED4FCF61DA014B100F54838 /* Reaction.swift */ = {isa = PBXFileReference; fileEncoding = 4; lastKnownFileType = sourcecode.swift; path = Reaction.swift; sourceTree = "<group>"; };
		CED4FCF81DA10D6600F54838 /* ReactionButton.swift */ = {isa = PBXFileReference; fileEncoding = 4; lastKnownFileType = sourcecode.swift; path = ReactionButton.swift; sourceTree = "<group>"; };
		CED4FCFA1DA10E4300F54838 /* ReactionSelector.swift */ = {isa = PBXFileReference; fileEncoding = 4; lastKnownFileType = sourcecode.swift; path = ReactionSelector.swift; sourceTree = "<group>"; };
		CED4FCFC1DA1100900F54838 /* ReactionFeedback.swift */ = {isa = PBXFileReference; fileEncoding = 4; lastKnownFileType = sourcecode.swift; path = ReactionFeedback.swift; sourceTree = "<group>"; };
		CED9D93B1DA64FCD00A70C2D /* Components.swift */ = {isa = PBXFileReference; fileEncoding = 4; lastKnownFileType = sourcecode.swift; path = Components.swift; sourceTree = "<group>"; };
		CED9D93D1DA6566700A70C2D /* FacebookReactions.swift */ = {isa = PBXFileReference; fileEncoding = 4; lastKnownFileType = sourcecode.swift; path = FacebookReactions.swift; sourceTree = "<group>"; };
		CED9D93F1DA6869500A70C2D /* ReactionSelectorConfig.swift */ = {isa = PBXFileReference; fileEncoding = 4; lastKnownFileType = sourcecode.swift; path = ReactionSelectorConfig.swift; sourceTree = "<group>"; };
		CED9D9411DA6931A00A70C2D /* ReactionAlignment.swift */ = {isa = PBXFileReference; fileEncoding = 4; lastKnownFileType = sourcecode.swift; path = ReactionAlignment.swift; sourceTree = "<group>"; };
		CED9D9471DA6EAFA00A70C2D /* ReactionFeedbackDelegate.swift */ = {isa = PBXFileReference; fileEncoding = 4; lastKnownFileType = sourcecode.swift; path = ReactionFeedbackDelegate.swift; sourceTree = "<group>"; };
		CED9D9491DA78F9400A70C2D /* ReactionButtonConfig.swift */ = {isa = PBXFileReference; fileEncoding = 4; lastKnownFileType = sourcecode.swift; path = ReactionButtonConfig.swift; sourceTree = "<group>"; };
		CED9D94B1DA7D36700A70C2D /* ReactionSummaryConfig.swift */ = {isa = PBXFileReference; fileEncoding = 4; lastKnownFileType = sourcecode.swift; path = ReactionSummaryConfig.swift; sourceTree = "<group>"; };
		CED9D94D1DA7E49500A70C2D /* Configurable.swift */ = {isa = PBXFileReference; fileEncoding = 4; lastKnownFileType = sourcecode.swift; path = Configurable.swift; sourceTree = "<group>"; };
		CED9D9521DA82AA100A70C2D /* Facebook.xcassets */ = {isa = PBXFileReference; lastKnownFileType = folder.assetcatalog; path = Facebook.xcassets; sourceTree = "<group>"; };
		CED9D9581DA82C6700A70C2D /* Extensions.swift */ = {isa = PBXFileReference; fileEncoding = 4; lastKnownFileType = sourcecode.swift; path = Extensions.swift; sourceTree = "<group>"; };
		CED9D95B1DA835DB00A70C2D /* Base */ = {isa = PBXFileReference; lastKnownFileType = text.plist.strings; name = Base; path = Base.lproj/FeedbackLocalizable.strings; sourceTree = "<group>"; };
		CED9D95E1DA835DF00A70C2D /* Base */ = {isa = PBXFileReference; lastKnownFileType = text.plist.strings; name = Base; path = Base.lproj/FacebookReactionLocalizable.strings; sourceTree = "<group>"; };
		CED9D9601DA8364D00A70C2D /* fr */ = {isa = PBXFileReference; lastKnownFileType = text.plist.strings; name = fr; path = fr.lproj/FeedbackLocalizable.strings; sourceTree = "<group>"; };
		CED9D9611DA8364D00A70C2D /* fr */ = {isa = PBXFileReference; lastKnownFileType = text.plist.strings; name = fr; path = fr.lproj/FacebookReactionLocalizable.strings; sourceTree = "<group>"; };
/* End PBXFileReference section */

/* Begin PBXFrameworksBuildPhase section */
		CE83F8861DA8F033000943AB /* Frameworks */ = {
			isa = PBXFrameworksBuildPhase;
			buildActionMask = 2147483647;
			files = (
			);
			runOnlyForDeploymentPostprocessing = 0;
		};
		CED4FCDB1D9FD95D00F54838 /* Frameworks */ = {
			isa = PBXFrameworksBuildPhase;
			buildActionMask = 2147483647;
			files = (
				CE83F8911DA8F033000943AB /* Reactions.framework in Frameworks */,
			);
			runOnlyForDeploymentPostprocessing = 0;
		};
/* End PBXFrameworksBuildPhase section */

/* Begin PBXGroup section */
		CE83F88B1DA8F033000943AB /* Reactions */ = {
			isa = PBXGroup;
			children = (
				CE83F88C1DA8F033000943AB /* Reactions.h */,
				CE83F88D1DA8F033000943AB /* Info.plist */,
			);
			path = Reactions;
			sourceTree = "<group>";
		};
		CED4FCD51D9FD95D00F54838 = {
			isa = PBXGroup;
			children = (
				CED9D9511DA82AA100A70C2D /* Resources */,
				CED4FCF51DA014B100F54838 /* Sources */,
				CED4FCE01D9FD95D00F54838 /* ReactionsExample */,
				CE83F88B1DA8F033000943AB /* Reactions */,
				CED4FCDF1D9FD95D00F54838 /* Products */,
			);
			sourceTree = "<group>";
		};
		CED4FCDF1D9FD95D00F54838 /* Products */ = {
			isa = PBXGroup;
			children = (
				CED4FCDE1D9FD95D00F54838 /* ReactionsExample.app */,
				CE83F88A1DA8F033000943AB /* Reactions.framework */,
			);
			name = Products;
			sourceTree = "<group>";
		};
		CED4FCE01D9FD95D00F54838 /* ReactionsExample */ = {
			isa = PBXGroup;
			children = (
				CED4FCE11D9FD95D00F54838 /* AppDelegate.swift */,
				CED4FCE31D9FD95D00F54838 /* ViewController.swift */,
				CED4FCE51D9FD95D00F54838 /* Main.storyboard */,
				CED4FCE81D9FD95D00F54838 /* Assets.xcassets */,
				CED4FCEA1D9FD95D00F54838 /* LaunchScreen.storyboard */,
				CED4FCED1D9FD95D00F54838 /* Info.plist */,
			);
			path = ReactionsExample;
			sourceTree = "<group>";
		};
		CED4FCF51DA014B100F54838 /* Sources */ = {
			isa = PBXGroup;
			children = (
				CE874F021DA2DA64000D309E /* ComponentBuilder.swift */,
				CED9D93B1DA64FCD00A70C2D /* Components.swift */,
				CED9D94D1DA7E49500A70C2D /* Configurable.swift */,
				CED9D9581DA82C6700A70C2D /* Extensions.swift */,
				CED9D93D1DA6566700A70C2D /* FacebookReactions.swift */,
				CED4FCF61DA014B100F54838 /* Reaction.swift */,
				CED9D9411DA6931A00A70C2D /* ReactionAlignment.swift */,
				CED4FCF81DA10D6600F54838 /* ReactionButton.swift */,
				CED9D9491DA78F9400A70C2D /* ReactionButtonConfig.swift */,
				CED4FCFC1DA1100900F54838 /* ReactionFeedback.swift */,
				CED9D9471DA6EAFA00A70C2D /* ReactionFeedbackDelegate.swift */,
				CED4FCFA1DA10E4300F54838 /* ReactionSelector.swift */,
				CED9D93F1DA6869500A70C2D /* ReactionSelectorConfig.swift */,
				CE874F001DA2D916000D309E /* ReactionSummary.swift */,
				CED9D94B1DA7D36700A70C2D /* ReactionSummaryConfig.swift */,
				CEB867BB1DA41CB600031B0D /* UIReactionControl.swift */,
			);
			name = Sources;
			path = ../Sources;
			sourceTree = "<group>";
		};
		CED9D9511DA82AA100A70C2D /* Resources */ = {
			isa = PBXGroup;
			children = (
				CED9D9521DA82AA100A70C2D /* Facebook.xcassets */,
				CED9D95C1DA835DB00A70C2D /* FeedbackLocalizable.strings */,
				CED9D95F1DA835DF00A70C2D /* FacebookReactionLocalizable.strings */,
			);
			name = Resources;
			path = ../Resources;
			sourceTree = "<group>";
		};
/* End PBXGroup section */

/* Begin PBXHeadersBuildPhase section */
		CE83F8871DA8F033000943AB /* Headers */ = {
			isa = PBXHeadersBuildPhase;
			buildActionMask = 2147483647;
			files = (
				CE83F88E1DA8F033000943AB /* Reactions.h in Headers */,
			);
			runOnlyForDeploymentPostprocessing = 0;
		};
/* End PBXHeadersBuildPhase section */

/* Begin PBXNativeTarget section */
		CE83F8891DA8F033000943AB /* Reactions */ = {
			isa = PBXNativeTarget;
			buildConfigurationList = CE83F8951DA8F033000943AB /* Build configuration list for PBXNativeTarget "Reactions" */;
			buildPhases = (
				CE83F8851DA8F033000943AB /* Sources */,
				CE83F8861DA8F033000943AB /* Frameworks */,
				CE83F8871DA8F033000943AB /* Headers */,
				CE83F8881DA8F033000943AB /* Resources */,
			);
			buildRules = (
			);
			dependencies = (
			);
			name = Reactions;
			productName = Reactions;
			productReference = CE83F88A1DA8F033000943AB /* Reactions.framework */;
			productType = "com.apple.product-type.framework";
		};
		CED4FCDD1D9FD95D00F54838 /* ReactionsExample */ = {
			isa = PBXNativeTarget;
			buildConfigurationList = CED4FCF01D9FD95D00F54838 /* Build configuration list for PBXNativeTarget "ReactionsExample" */;
			buildPhases = (
				CED4FCDA1D9FD95D00F54838 /* Sources */,
				CED4FCDB1D9FD95D00F54838 /* Frameworks */,
				CED4FCDC1D9FD95D00F54838 /* Resources */,
				CE83F8961DA8F033000943AB /* Embed Frameworks */,
			);
			buildRules = (
			);
			dependencies = (
				CE83F8901DA8F033000943AB /* PBXTargetDependency */,
			);
			name = ReactionsExample;
			productName = ReactionsExample;
			productReference = CED4FCDE1D9FD95D00F54838 /* ReactionsExample.app */;
			productType = "com.apple.product-type.application";
		};
/* End PBXNativeTarget section */

/* Begin PBXProject section */
		CED4FCD61D9FD95D00F54838 /* Project object */ = {
			isa = PBXProject;
			attributes = {
				LastSwiftUpdateCheck = 0800;
				LastUpgradeCheck = 0800;
				ORGANIZATIONNAME = "Yannick Loriot";
				TargetAttributes = {
					CE83F8891DA8F033000943AB = {
						CreatedOnToolsVersion = 8.0;
						ProvisioningStyle = Manual;
					};
					CED4FCDD1D9FD95D00F54838 = {
						CreatedOnToolsVersion = 8.0;
						DevelopmentTeam = 5SJ773RP6R;
						ProvisioningStyle = Automatic;
					};
				};
			};
			buildConfigurationList = CED4FCD91D9FD95D00F54838 /* Build configuration list for PBXProject "ReactionsExample" */;
			compatibilityVersion = "Xcode 3.2";
			developmentRegion = English;
			hasScannedForEncodings = 0;
			knownRegions = (
				en,
				Base,
				fr,
			);
			mainGroup = CED4FCD51D9FD95D00F54838;
			productRefGroup = CED4FCDF1D9FD95D00F54838 /* Products */;
			projectDirPath = "";
			projectRoot = "";
			targets = (
				CED4FCDD1D9FD95D00F54838 /* ReactionsExample */,
				CE83F8891DA8F033000943AB /* Reactions */,
			);
		};
/* End PBXProject section */

/* Begin PBXResourcesBuildPhase section */
		CE83F8881DA8F033000943AB /* Resources */ = {
			isa = PBXResourcesBuildPhase;
			buildActionMask = 2147483647;
			files = (
				CE83F8981DA8F050000943AB /* FacebookReactionLocalizable.strings in Resources */,
				CE83F8971DA8F04D000943AB /* FeedbackLocalizable.strings in Resources */,
				CE83F8991DA8F054000943AB /* Facebook.xcassets in Resources */,
			);
			runOnlyForDeploymentPostprocessing = 0;
		};
		CED4FCDC1D9FD95D00F54838 /* Resources */ = {
			isa = PBXResourcesBuildPhase;
			buildActionMask = 2147483647;
			files = (
				CED4FCEC1D9FD95D00F54838 /* LaunchScreen.storyboard in Resources */,
				CED4FCE91D9FD95D00F54838 /* Assets.xcassets in Resources */,
				CED9D95D1DA835DF00A70C2D /* FacebookReactionLocalizable.strings in Resources */,
				CED4FCE71D9FD95D00F54838 /* Main.storyboard in Resources */,
				CED9D95A1DA835DB00A70C2D /* FeedbackLocalizable.strings in Resources */,
				CED9D9531DA82AA100A70C2D /* Facebook.xcassets in Resources */,
			);
			runOnlyForDeploymentPostprocessing = 0;
		};
/* End PBXResourcesBuildPhase section */

/* Begin PBXSourcesBuildPhase section */
		CE83F8851DA8F033000943AB /* Sources */ = {
			isa = PBXSourcesBuildPhase;
			buildActionMask = 2147483647;
			files = (
				CE83F8A11DA8F05A000943AB /* ReactionButton.swift in Sources */,
				CE83F8A71DA8F05A000943AB /* ReactionSummary.swift in Sources */,
				CE83F8A41DA8F05A000943AB /* ReactionFeedbackDelegate.swift in Sources */,
				CE83F8A21DA8F05A000943AB /* ReactionButtonConfig.swift in Sources */,
				CE83F8A81DA8F05A000943AB /* ReactionSummaryConfig.swift in Sources */,
				CE83F8A61DA8F05A000943AB /* ReactionSelectorConfig.swift in Sources */,
				CE83F8A91DA8F05A000943AB /* UIReactionControl.swift in Sources */,
				CE83F89C1DA8F05A000943AB /* Configurable.swift in Sources */,
				CE83F8A31DA8F05A000943AB /* ReactionFeedback.swift in Sources */,
				CE83F89A1DA8F05A000943AB /* ComponentBuilder.swift in Sources */,
				CE83F8A01DA8F05A000943AB /* ReactionAlignment.swift in Sources */,
				CE83F8A51DA8F05A000943AB /* ReactionSelector.swift in Sources */,
				CE83F89E1DA8F05A000943AB /* FacebookReactions.swift in Sources */,
				CE83F89B1DA8F05A000943AB /* Components.swift in Sources */,
				CE83F89F1DA8F05A000943AB /* Reaction.swift in Sources */,
				CE83F89D1DA8F05A000943AB /* Extensions.swift in Sources */,
			);
			runOnlyForDeploymentPostprocessing = 0;
		};
		CED4FCDA1D9FD95D00F54838 /* Sources */ = {
			isa = PBXSourcesBuildPhase;
			buildActionMask = 2147483647;
			files = (
				CED9D9421DA6931A00A70C2D /* ReactionAlignment.swift in Sources */,
				CED9D9481DA6EAFA00A70C2D /* ReactionFeedbackDelegate.swift in Sources */,
				CED9D93E1DA6566700A70C2D /* FacebookReactions.swift in Sources */,
				CE874F011DA2D916000D309E /* ReactionSummary.swift in Sources */,
				CED4FCF91DA10D6600F54838 /* ReactionButton.swift in Sources */,
				CEB867BC1DA41CB600031B0D /* UIReactionControl.swift in Sources */,
				CED9D94E1DA7E49500A70C2D /* Configurable.swift in Sources */,
				CED9D9591DA82C6700A70C2D /* Extensions.swift in Sources */,
				CE874F031DA2DA64000D309E /* ComponentBuilder.swift in Sources */,
				CED4FCE41D9FD95D00F54838 /* ViewController.swift in Sources */,
				CED4FCE21D9FD95D00F54838 /* AppDelegate.swift in Sources */,
				CED4FCFD1DA1100900F54838 /* ReactionFeedback.swift in Sources */,
				CED9D9401DA6869500A70C2D /* ReactionSelectorConfig.swift in Sources */,
				CED9D94A1DA78F9400A70C2D /* ReactionButtonConfig.swift in Sources */,
				CED9D93C1DA64FCD00A70C2D /* Components.swift in Sources */,
				CED4FCF71DA014B100F54838 /* Reaction.swift in Sources */,
				CED9D94C1DA7D36700A70C2D /* ReactionSummaryConfig.swift in Sources */,
				CED4FCFB1DA10E4300F54838 /* ReactionSelector.swift in Sources */,
			);
			runOnlyForDeploymentPostprocessing = 0;
		};
/* End PBXSourcesBuildPhase section */

/* Begin PBXTargetDependency section */
		CE83F8901DA8F033000943AB /* PBXTargetDependency */ = {
			isa = PBXTargetDependency;
			target = CE83F8891DA8F033000943AB /* Reactions */;
			targetProxy = CE83F88F1DA8F033000943AB /* PBXContainerItemProxy */;
		};
/* End PBXTargetDependency section */

/* Begin PBXVariantGroup section */
		CED4FCE51D9FD95D00F54838 /* Main.storyboard */ = {
			isa = PBXVariantGroup;
			children = (
				CED4FCE61D9FD95D00F54838 /* Base */,
			);
			name = Main.storyboard;
			sourceTree = "<group>";
		};
		CED4FCEA1D9FD95D00F54838 /* LaunchScreen.storyboard */ = {
			isa = PBXVariantGroup;
			children = (
				CED4FCEB1D9FD95D00F54838 /* Base */,
			);
			name = LaunchScreen.storyboard;
			sourceTree = "<group>";
		};
		CED9D95C1DA835DB00A70C2D /* FeedbackLocalizable.strings */ = {
			isa = PBXVariantGroup;
			children = (
				CED9D95B1DA835DB00A70C2D /* Base */,
				CED9D9601DA8364D00A70C2D /* fr */,
			);
			name = FeedbackLocalizable.strings;
			sourceTree = "<group>";
		};
		CED9D95F1DA835DF00A70C2D /* FacebookReactionLocalizable.strings */ = {
			isa = PBXVariantGroup;
			children = (
				CED9D95E1DA835DF00A70C2D /* Base */,
				CED9D9611DA8364D00A70C2D /* fr */,
			);
			name = FacebookReactionLocalizable.strings;
			sourceTree = "<group>";
		};
/* End PBXVariantGroup section */

/* Begin XCBuildConfiguration section */
		CE83F8931DA8F033000943AB /* Debug */ = {
			isa = XCBuildConfiguration;
			buildSettings = {
				CODE_SIGN_IDENTITY = "";
				CURRENT_PROJECT_VERSION = 1;
				DEFINES_MODULE = YES;
				DEVELOPMENT_TEAM = "";
				DYLIB_COMPATIBILITY_VERSION = 1;
				DYLIB_CURRENT_VERSION = 1;
				DYLIB_INSTALL_NAME_BASE = "@rpath";
				INFOPLIST_FILE = Reactions/Info.plist;
				INSTALL_PATH = "$(LOCAL_LIBRARY_DIR)/Frameworks";
				IPHONEOS_DEPLOYMENT_TARGET = 10.0;
				LD_RUNPATH_SEARCH_PATHS = "$(inherited) @executable_path/Frameworks @loader_path/Frameworks";
				PRODUCT_BUNDLE_IDENTIFIER = com.yannickloriot.Reactions;
				PRODUCT_NAME = "$(TARGET_NAME)";
				SKIP_INSTALL = YES;
				SWIFT_VERSION = 3.0;
				VERSIONING_SYSTEM = "apple-generic";
				VERSION_INFO_PREFIX = "";
			};
			name = Debug;
		};
		CE83F8941DA8F033000943AB /* Release */ = {
			isa = XCBuildConfiguration;
			buildSettings = {
				CODE_SIGN_IDENTITY = "";
				CURRENT_PROJECT_VERSION = 1;
				DEFINES_MODULE = YES;
				DEVELOPMENT_TEAM = "";
				DYLIB_COMPATIBILITY_VERSION = 1;
				DYLIB_CURRENT_VERSION = 1;
				DYLIB_INSTALL_NAME_BASE = "@rpath";
				INFOPLIST_FILE = Reactions/Info.plist;
				INSTALL_PATH = "$(LOCAL_LIBRARY_DIR)/Frameworks";
				IPHONEOS_DEPLOYMENT_TARGET = 10.0;
				LD_RUNPATH_SEARCH_PATHS = "$(inherited) @executable_path/Frameworks @loader_path/Frameworks";
				PRODUCT_BUNDLE_IDENTIFIER = com.yannickloriot.Reactions;
				PRODUCT_NAME = "$(TARGET_NAME)";
				SKIP_INSTALL = YES;
				SWIFT_VERSION = 3.0;
				VERSIONING_SYSTEM = "apple-generic";
				VERSION_INFO_PREFIX = "";
			};
			name = Release;
		};
		CED4FCEE1D9FD95D00F54838 /* Debug */ = {
			isa = XCBuildConfiguration;
			buildSettings = {
				ALWAYS_SEARCH_USER_PATHS = NO;
				CLANG_ANALYZER_LOCALIZABILITY_NONLOCALIZED = YES;
				CLANG_ANALYZER_NONNULL = YES;
				CLANG_CXX_LANGUAGE_STANDARD = "gnu++0x";
				CLANG_CXX_LIBRARY = "libc++";
				CLANG_ENABLE_MODULES = YES;
				CLANG_ENABLE_OBJC_ARC = YES;
				CLANG_WARN_BOOL_CONVERSION = YES;
				CLANG_WARN_CONSTANT_CONVERSION = YES;
				CLANG_WARN_DIRECT_OBJC_ISA_USAGE = YES_ERROR;
				CLANG_WARN_DOCUMENTATION_COMMENTS = YES;
				CLANG_WARN_EMPTY_BODY = YES;
				CLANG_WARN_ENUM_CONVERSION = YES;
				CLANG_WARN_INFINITE_RECURSION = YES;
				CLANG_WARN_INT_CONVERSION = YES;
				CLANG_WARN_OBJC_ROOT_CLASS = YES_ERROR;
				CLANG_WARN_SUSPICIOUS_MOVES = YES;
				CLANG_WARN_UNREACHABLE_CODE = YES;
				CLANG_WARN__DUPLICATE_METHOD_MATCH = YES;
				"CODE_SIGN_IDENTITY[sdk=iphoneos*]" = "iPhone Developer";
				COPY_PHASE_STRIP = NO;
				DEBUG_INFORMATION_FORMAT = dwarf;
				ENABLE_STRICT_OBJC_MSGSEND = YES;
				ENABLE_TESTABILITY = YES;
				GCC_C_LANGUAGE_STANDARD = gnu99;
				GCC_DYNAMIC_NO_PIC = NO;
				GCC_NO_COMMON_BLOCKS = YES;
				GCC_OPTIMIZATION_LEVEL = 0;
				GCC_PREPROCESSOR_DEFINITIONS = (
					"DEBUG=1",
					"$(inherited)",
				);
				GCC_WARN_64_TO_32_BIT_CONVERSION = YES;
				GCC_WARN_ABOUT_RETURN_TYPE = YES_ERROR;
				GCC_WARN_UNDECLARED_SELECTOR = YES;
				GCC_WARN_UNINITIALIZED_AUTOS = YES_AGGRESSIVE;
				GCC_WARN_UNUSED_FUNCTION = YES;
				GCC_WARN_UNUSED_VARIABLE = YES;
				IPHONEOS_DEPLOYMENT_TARGET = 8.0;
				MTL_ENABLE_DEBUG_INFO = YES;
				ONLY_ACTIVE_ARCH = YES;
				SDKROOT = iphoneos;
				SWIFT_ACTIVE_COMPILATION_CONDITIONS = DEBUG;
				SWIFT_OPTIMIZATION_LEVEL = "-Onone";
				TARGETED_DEVICE_FAMILY = "1,2";
			};
			name = Debug;
		};
		CED4FCEF1D9FD95D00F54838 /* Release */ = {
			isa = XCBuildConfiguration;
			buildSettings = {
				ALWAYS_SEARCH_USER_PATHS = NO;
				CLANG_ANALYZER_LOCALIZABILITY_NONLOCALIZED = YES;
				CLANG_ANALYZER_NONNULL = YES;
				CLANG_CXX_LANGUAGE_STANDARD = "gnu++0x";
				CLANG_CXX_LIBRARY = "libc++";
				CLANG_ENABLE_MODULES = YES;
				CLANG_ENABLE_OBJC_ARC = YES;
				CLANG_WARN_BOOL_CONVERSION = YES;
				CLANG_WARN_CONSTANT_CONVERSION = YES;
				CLANG_WARN_DIRECT_OBJC_ISA_USAGE = YES_ERROR;
				CLANG_WARN_DOCUMENTATION_COMMENTS = YES;
				CLANG_WARN_EMPTY_BODY = YES;
				CLANG_WARN_ENUM_CONVERSION = YES;
				CLANG_WARN_INFINITE_RECURSION = YES;
				CLANG_WARN_INT_CONVERSION = YES;
				CLANG_WARN_OBJC_ROOT_CLASS = YES_ERROR;
				CLANG_WARN_SUSPICIOUS_MOVES = YES;
				CLANG_WARN_UNREACHABLE_CODE = YES;
				CLANG_WARN__DUPLICATE_METHOD_MATCH = YES;
				"CODE_SIGN_IDENTITY[sdk=iphoneos*]" = "iPhone Developer";
				COPY_PHASE_STRIP = NO;
				DEBUG_INFORMATION_FORMAT = "dwarf-with-dsym";
				ENABLE_NS_ASSERTIONS = NO;
				ENABLE_STRICT_OBJC_MSGSEND = YES;
				GCC_C_LANGUAGE_STANDARD = gnu99;
				GCC_NO_COMMON_BLOCKS = YES;
				GCC_WARN_64_TO_32_BIT_CONVERSION = YES;
				GCC_WARN_ABOUT_RETURN_TYPE = YES_ERROR;
				GCC_WARN_UNDECLARED_SELECTOR = YES;
				GCC_WARN_UNINITIALIZED_AUTOS = YES_AGGRESSIVE;
				GCC_WARN_UNUSED_FUNCTION = YES;
				GCC_WARN_UNUSED_VARIABLE = YES;
				IPHONEOS_DEPLOYMENT_TARGET = 8.0;
				MTL_ENABLE_DEBUG_INFO = NO;
				SDKROOT = iphoneos;
				SWIFT_OPTIMIZATION_LEVEL = "-Owholemodule";
				TARGETED_DEVICE_FAMILY = "1,2";
				VALIDATE_PRODUCT = YES;
			};
			name = Release;
		};
		CED4FCF11D9FD95D00F54838 /* Debug */ = {
			isa = XCBuildConfiguration;
			buildSettings = {
				ALWAYS_EMBED_SWIFT_STANDARD_LIBRARIES = YES;
				ASSETCATALOG_COMPILER_APPICON_NAME = AppIcon;
				DEVELOPMENT_TEAM = 5SJ773RP6R;
				INFOPLIST_FILE = ReactionsExample/Info.plist;
				LD_RUNPATH_SEARCH_PATHS = "$(inherited) @executable_path/Frameworks";
				PRODUCT_BUNDLE_IDENTIFIER = com.yannickloriot.ReactionsExample;
				PRODUCT_NAME = "$(TARGET_NAME)";
				SWIFT_VERSION = 3.0;
			};
			name = Debug;
		};
		CED4FCF21D9FD95D00F54838 /* Release */ = {
			isa = XCBuildConfiguration;
			buildSettings = {
				ALWAYS_EMBED_SWIFT_STANDARD_LIBRARIES = YES;
				ASSETCATALOG_COMPILER_APPICON_NAME = AppIcon;
				DEVELOPMENT_TEAM = 5SJ773RP6R;
				INFOPLIST_FILE = ReactionsExample/Info.plist;
				LD_RUNPATH_SEARCH_PATHS = "$(inherited) @executable_path/Frameworks";
				PRODUCT_BUNDLE_IDENTIFIER = com.yannickloriot.ReactionsExample;
				PRODUCT_NAME = "$(TARGET_NAME)";
				SWIFT_VERSION = 3.0;
			};
			name = Release;
		};
/* End XCBuildConfiguration section */

/* Begin XCConfigurationList section */
		CE83F8951DA8F033000943AB /* Build configuration list for PBXNativeTarget "Reactions" */ = {
			isa = XCConfigurationList;
			buildConfigurations = (
				CE83F8931DA8F033000943AB /* Debug */,
				CE83F8941DA8F033000943AB /* Release */,
			);
			defaultConfigurationIsVisible = 0;
		};
		CED4FCD91D9FD95D00F54838 /* Build configuration list for PBXProject "ReactionsExample" */ = {
			isa = XCConfigurationList;
			buildConfigurations = (
				CED4FCEE1D9FD95D00F54838 /* Debug */,
				CED4FCEF1D9FD95D00F54838 /* Release */,
			);
			defaultConfigurationIsVisible = 0;
			defaultConfigurationName = Release;
		};
		CED4FCF01D9FD95D00F54838 /* Build configuration list for PBXNativeTarget "ReactionsExample" */ = {
			isa = XCConfigurationList;
			buildConfigurations = (
				CED4FCF11D9FD95D00F54838 /* Debug */,
				CED4FCF21D9FD95D00F54838 /* Release */,
			);
			defaultConfigurationIsVisible = 0;
			defaultConfigurationName = Release;
		};
/* End XCConfigurationList section */
	};
	rootObject = CED4FCD61D9FD95D00F54838 /* Project object */;
}
